// !$*UTF8*$!
{
	archiveVersion = 1;
	classes = {
	};
	objectVersion = 46;
	objects = {

/* Begin PBXBuildFile section */
		7F7239B41C2C0F8F00181F8B /* AppDelegate.swift in Sources */ = {isa = PBXBuildFile; fileRef = 7F7239B31C2C0F8F00181F8B /* AppDelegate.swift */; };
		7F7239B61C2C0F8F00181F8B /* ViewController.swift in Sources */ = {isa = PBXBuildFile; fileRef = 7F7239B51C2C0F8F00181F8B /* ViewController.swift */; };
		7F7239B91C2C0F8F00181F8B /* Main.storyboard in Resources */ = {isa = PBXBuildFile; fileRef = 7F7239B71C2C0F8F00181F8B /* Main.storyboard */; };
		7F7239BC1C2C0F8F00181F8B /* Recipez.xcdatamodeld in Sources */ = {isa = PBXBuildFile; fileRef = 7F7239BA1C2C0F8F00181F8B /* Recipez.xcdatamodeld */; };
		7F7239BE1C2C0F8F00181F8B /* Assets.xcassets in Resources */ = {isa = PBXBuildFile; fileRef = 7F7239BD1C2C0F8F00181F8B /* Assets.xcassets */; };
		7F7239C11C2C0F8F00181F8B /* LaunchScreen.storyboard in Resources */ = {isa = PBXBuildFile; fileRef = 7F7239BF1C2C0F8F00181F8B /* LaunchScreen.storyboard */; };
		7F7239D01C2C2BEE00181F8B /* Recipe+CoreDataProperties.swift in Sources */ = {isa = PBXBuildFile; fileRef = 7F7239CE1C2C2BEE00181F8B /* Recipe+CoreDataProperties.swift */; };
		7F7239D11C2C2BEE00181F8B /* Recipe.swift in Sources */ = {isa = PBXBuildFile; fileRef = 7F7239CF1C2C2BEE00181F8B /* Recipe.swift */; };
		7F7239D31C2C2E2D00181F8B /* RecipeCell.swift in Sources */ = {isa = PBXBuildFile; fileRef = 7F7239D21C2C2E2D00181F8B /* RecipeCell.swift */; };
		7F7239D51C2C410D00181F8B /* CreateRecipeViewController.swift in Sources */ = {isa = PBXBuildFile; fileRef = 7F7239D41C2C410D00181F8B /* CreateRecipeViewController.swift */; };
/* End PBXBuildFile section */

/* Begin PBXFileReference section */
		7F7239B01C2C0F8F00181F8B /* Recipez.app */ = {isa = PBXFileReference; explicitFileType = wrapper.application; includeInIndex = 0; path = Recipez.app; sourceTree = BUILT_PRODUCTS_DIR; };
		7F7239B31C2C0F8F00181F8B /* AppDelegate.swift */ = {isa = PBXFileReference; lastKnownFileType = sourcecode.swift; path = AppDelegate.swift; sourceTree = "<group>"; };
		7F7239B51C2C0F8F00181F8B /* ViewController.swift */ = {isa = PBXFileReference; lastKnownFileType = sourcecode.swift; path = ViewController.swift; sourceTree = "<group>"; };
		7F7239B81C2C0F8F00181F8B /* Base */ = {isa = PBXFileReference; lastKnownFileType = file.storyboard; name = Base; path = Base.lproj/Main.storyboard; sourceTree = "<group>"; };
		7F7239BB1C2C0F8F00181F8B /* Recipez.xcdatamodel */ = {isa = PBXFileReference; lastKnownFileType = wrapper.xcdatamodel; path = Recipez.xcdatamodel; sourceTree = "<group>"; };
		7F7239BD1C2C0F8F00181F8B /* Assets.xcassets */ = {isa = PBXFileReference; lastKnownFileType = folder.assetcatalog; path = Assets.xcassets; sourceTree = "<group>"; };
		7F7239C01C2C0F8F00181F8B /* Base */ = {isa = PBXFileReference; lastKnownFileType = file.storyboard; name = Base; path = Base.lproj/LaunchScreen.storyboard; sourceTree = "<group>"; };
		7F7239C21C2C0F8F00181F8B /* Info.plist */ = {isa = PBXFileReference; lastKnownFileType = text.plist.xml; path = Info.plist; sourceTree = "<group>"; };
		7F7239CE1C2C2BEE00181F8B /* Recipe+CoreDataProperties.swift */ = {isa = PBXFileReference; fileEncoding = 4; lastKnownFileType = sourcecode.swift; path = "Recipe+CoreDataProperties.swift"; sourceTree = "<group>"; };
		7F7239CF1C2C2BEE00181F8B /* Recipe.swift */ = {isa = PBXFileReference; fileEncoding = 4; lastKnownFileType = sourcecode.swift; path = Recipe.swift; sourceTree = "<group>"; };
		7F7239D21C2C2E2D00181F8B /* RecipeCell.swift */ = {isa = PBXFileReference; fileEncoding = 4; lastKnownFileType = sourcecode.swift; path = RecipeCell.swift; sourceTree = "<group>"; };
		7F7239D41C2C410D00181F8B /* CreateRecipeViewController.swift */ = {isa = PBXFileReference; fileEncoding = 4; lastKnownFileType = sourcecode.swift; path = CreateRecipeViewController.swift; sourceTree = "<group>"; };
/* End PBXFileReference section */

/* Begin PBXFrameworksBuildPhase section */
		7F7239AD1C2C0F8E00181F8B /* Frameworks */ = {
			isa = PBXFrameworksBuildPhase;
			buildActionMask = 2147483647;
			files = (
			);
			runOnlyForDeploymentPostprocessing = 0;
		};
/* End PBXFrameworksBuildPhase section */

/* Begin PBXGroup section */
		7F7239A71C2C0F8E00181F8B = {
			isa = PBXGroup;
			children = (
				7F7239B21C2C0F8F00181F8B /* Recipez */,
				7F7239B11C2C0F8F00181F8B /* Products */,
			);
			sourceTree = "<group>";
		};
		7F7239B11C2C0F8F00181F8B /* Products */ = {
			isa = PBXGroup;
			children = (
				7F7239B01C2C0F8F00181F8B /* Recipez.app */,
			);
			name = Products;
			sourceTree = "<group>";
		};
		7F7239B21C2C0F8F00181F8B /* Recipez */ = {
			isa = PBXGroup;
			children = (
				7F7239B71C2C0F8F00181F8B /* Main.storyboard */,
				7F7239BF1C2C0F8F00181F8B /* LaunchScreen.storyboard */,
				7F7239CC1C2C2B7900181F8B /* Model */,
				7F7239CD1C2C2B7F00181F8B /* View */,
				7F7239C91C2C10EF00181F8B /* Controllers */,
				7F7239CB1C2C28D900181F8B /* DataModel */,
				7F7239C81C2C10CD00181F8B /* Supporting Files */,
				7F7239CA1C2C110500181F8B /* Resources */,
			);
			path = Recipez;
			sourceTree = "<group>";
		};
		7F7239C81C2C10CD00181F8B /* Supporting Files */ = {
			isa = PBXGroup;
			children = (
				7F7239B31C2C0F8F00181F8B /* AppDelegate.swift */,
				7F7239C21C2C0F8F00181F8B /* Info.plist */,
			);
			name = "Supporting Files";
			sourceTree = "<group>";
		};
		7F7239C91C2C10EF00181F8B /* Controllers */ = {
			isa = PBXGroup;
			children = (
				7F7239B51C2C0F8F00181F8B /* ViewController.swift */,
				7F7239D41C2C410D00181F8B /* CreateRecipeViewController.swift */,
			);
			name = Controllers;
			sourceTree = "<group>";
		};
		7F7239CA1C2C110500181F8B /* Resources */ = {
			isa = PBXGroup;
			children = (
				7F7239BD1C2C0F8F00181F8B /* Assets.xcassets */,
			);
			name = Resources;
			sourceTree = "<group>";
		};
		7F7239CB1C2C28D900181F8B /* DataModel */ = {
			isa = PBXGroup;
			children = (
				7F7239CE1C2C2BEE00181F8B /* Recipe+CoreDataProperties.swift */,
				7F7239BA1C2C0F8F00181F8B /* Recipez.xcdatamodeld */,
			);
			name = DataModel;
			sourceTree = "<group>";
		};
		7F7239CC1C2C2B7900181F8B /* Model */ = {
			isa = PBXGroup;
			children = (
				7F7239CF1C2C2BEE00181F8B /* Recipe.swift */,
			);
			name = Model;
			sourceTree = "<group>";
		};
		7F7239CD1C2C2B7F00181F8B /* View */ = {
			isa = PBXGroup;
			children = (
				7F7239D21C2C2E2D00181F8B /* RecipeCell.swift */,
			);
			name = View;
			sourceTree = "<group>";
		};
/* End PBXGroup section */

/* Begin PBXNativeTarget section */
		7F7239AF1C2C0F8E00181F8B /* Recipez */ = {
			isa = PBXNativeTarget;
			buildConfigurationList = 7F7239C51C2C0F8F00181F8B /* Build configuration list for PBXNativeTarget "Recipez" */;
			buildPhases = (
				7F7239AC1C2C0F8E00181F8B /* Sources */,
				7F7239AD1C2C0F8E00181F8B /* Frameworks */,
				7F7239AE1C2C0F8E00181F8B /* Resources */,
			);
			buildRules = (
			);
			dependencies = (
			);
			name = Recipez;
			productName = Recipez;
			productReference = 7F7239B01C2C0F8F00181F8B /* Recipez.app */;
			productType = "com.apple.product-type.application";
		};
/* End PBXNativeTarget section */

/* Begin PBXProject section */
		7F7239A81C2C0F8E00181F8B /* Project object */ = {
			isa = PBXProject;
			attributes = {
				LastSwiftUpdateCheck = 0720;
				LastUpgradeCheck = 0720;
				ORGANIZATIONNAME = "Frederico Schnekenberg";
				TargetAttributes = {
					7F7239AF1C2C0F8E00181F8B = {
						CreatedOnToolsVersion = 7.2;
					};
				};
			};
			buildConfigurationList = 7F7239AB1C2C0F8E00181F8B /* Build configuration list for PBXProject "Recipez" */;
			compatibilityVersion = "Xcode 3.2";
			developmentRegion = English;
			hasScannedForEncodings = 0;
			knownRegions = (
				en,
				Base,
			);
			mainGroup = 7F7239A71C2C0F8E00181F8B;
			productRefGroup = 7F7239B11C2C0F8F00181F8B /* Products */;
			projectDirPath = "";
			projectRoot = "";
			targets = (
				7F7239AF1C2C0F8E00181F8B /* Recipez */,
			);
		};
/* End PBXProject section */

/* Begin PBXResourcesBuildPhase section */
		7F7239AE1C2C0F8E00181F8B /* Resources */ = {
			isa = PBXResourcesBuildPhase;
			buildActionMask = 2147483647;
			files = (
				7F7239C11C2C0F8F00181F8B /* LaunchScreen.storyboard in Resources */,
				7F7239BE1C2C0F8F00181F8B /* Assets.xcassets in Resources */,
				7F7239B91C2C0F8F00181F8B /* Main.storyboard in Resources */,
			);
			runOnlyForDeploymentPostprocessing = 0;
		};
/* End PBXResourcesBuildPhase section */

/* Begin PBXSourcesBuildPhase section */
		7F7239AC1C2C0F8E00181F8B /* Sources */ = {
			isa = PBXSourcesBuildPhase;
			buildActionMask = 2147483647;
			files = (
				7F7239B61C2C0F8F00181F8B /* ViewController.swift in Sources */,
				7F7239D01C2C2BEE00181F8B /* Recipe+CoreDataProperties.swift in Sources */,
				7F7239B41C2C0F8F00181F8B /* AppDelegate.swift in Sources */,
				7F7239D31C2C2E2D00181F8B /* RecipeCell.swift in Sources */,
				7F7239BC1C2C0F8F00181F8B /* Recipez.xcdatamodeld in Sources */,
				7F7239D51C2C410D00181F8B /* CreateRecipeViewController.swift in Sources */,
				7F7239D11C2C2BEE00181F8B /* Recipe.swift in Sources */,
			);
			runOnlyForDeploymentPostprocessing = 0;
		};
/* End PBXSourcesBuildPhase section */

/* Begin PBXVariantGroup section */
		7F7239B71C2C0F8F00181F8B /* Main.storyboard */ = {
			isa = PBXVariantGroup;
			children = (
				7F7239B81C2C0F8F00181F8B /* Base */,
			);
			name = Main.storyboard;
			sourceTree = "<group>";
		};
		7F7239BF1C2C0F8F00181F8B /* LaunchScreen.storyboard */ = {
			isa = PBXVariantGroup;
			children = (
				7F7239C01C2C0F8F00181F8B /* Base */,
			);
			name = LaunchScreen.storyboard;
			sourceTree = "<group>";
		};
/* End PBXVariantGroup section */

/* Begin XCBuildConfiguration section */
		7F7239C31C2C0F8F00181F8B /* Debug */ = {
			isa = XCBuildConfiguration;
			buildSettings = {
				ALWAYS_SEARCH_USER_PATHS = NO;
				CLANG_CXX_LANGUAGE_STANDARD = "gnu++0x";
				CLANG_CXX_LIBRARY = "libc++";
				CLANG_ENABLE_MODULES = YES;
				CLANG_ENABLE_OBJC_ARC = YES;
				CLANG_WARN_BOOL_CONVERSION = YES;
				CLANG_WARN_CONSTANT_CONVERSION = YES;
				CLANG_WARN_DIRECT_OBJC_ISA_USAGE = YES_ERROR;
				CLANG_WARN_EMPTY_BODY = YES;
				CLANG_WARN_ENUM_CONVERSION = YES;
				CLANG_WARN_INT_CONVERSION = YES;
				CLANG_WARN_OBJC_ROOT_CLASS = YES_ERROR;
				CLANG_WARN_UNREACHABLE_CODE = YES;
				CLANG_WARN__DUPLICATE_METHOD_MATCH = YES;
				"CODE_SIGN_IDENTITY[sdk=iphoneos*]" = "iPhone Developer";
				COPY_PHASE_STRIP = NO;
				DEBUG_INFORMATION_FORMAT = dwarf;
				ENABLE_STRICT_OBJC_MSGSEND = YES;
				ENABLE_TESTABILITY = YES;
				GCC_C_LANGUAGE_STANDARD = gnu99;
				GCC_DYNAMIC_NO_PIC = NO;
				GCC_NO_COMMON_BLOCKS = YES;
				GCC_OPTIMIZATION_LEVEL = 0;
				GCC_PREPROCESSOR_DEFINITIONS = (
					"DEBUG=1",
					"$(inherited)",
				);
				GCC_WARN_64_TO_32_BIT_CONVERSION = YES;
				GCC_WARN_ABOUT_RETURN_TYPE = YES_ERROR;
				GCC_WARN_UNDECLARED_SELECTOR = YES;
				GCC_WARN_UNINITIALIZED_AUTOS = YES_AGGRESSIVE;
				GCC_WARN_UNUSED_FUNCTION = YES;
				GCC_WARN_UNUSED_VARIABLE = YES;
				IPHONEOS_DEPLOYMENT_TARGET = 9.2;
				MTL_ENABLE_DEBUG_INFO = YES;
				ONLY_ACTIVE_ARCH = YES;
				SDKROOT = iphoneos;
				SWIFT_OPTIMIZATION_LEVEL = "-Onone";
				TARGETED_DEVICE_FAMILY = "1,2";
			};
			name = Debug;
		};
		7F7239C41C2C0F8F00181F8B /* Release */ = {
			isa = XCBuildConfiguration;
			buildSettings = {
				ALWAYS_SEARCH_USER_PATHS = NO;
				CLANG_CXX_LANGUAGE_STANDARD = "gnu++0x";
				CLANG_CXX_LIBRARY = "libc++";
				CLANG_ENABLE_MODULES = YES;
				CLANG_ENABLE_OBJC_ARC = YES;
				CLANG_WARN_BOOL_CONVERSION = YES;
				CLANG_WARN_CONSTANT_CONVERSION = YES;
				CLANG_WARN_DIRECT_OBJC_ISA_USAGE = YES_ERROR;
				CLANG_WARN_EMPTY_BODY = YES;
				CLANG_WARN_ENUM_CONVERSION = YES;
				CLANG_WARN_INT_CONVERSION = YES;
				CLANG_WARN_OBJC_ROOT_CLASS = YES_ERROR;
				CLANG_WARN_UNREACHABLE_CODE = YES;
				CLANG_WARN__DUPLICATE_METHOD_MATCH = YES;
				"CODE_SIGN_IDENTITY[sdk=iphoneos*]" = "iPhone Developer";
				COPY_PHASE_STRIP = NO;
				DEBUG_INFORMATION_FORMAT = "dwarf-with-dsym";
				ENABLE_NS_ASSERTIONS = NO;
				ENABLE_STRICT_OBJC_MSGSEND = YES;
				GCC_C_LANGUAGE_STANDARD = gnu99;
				GCC_NO_COMMON_BLOCKS = YES;
				GCC_WARN_64_TO_32_BIT_CONVERSION = YES;
				GCC_WARN_ABOUT_RETURN_TYPE = YES_ERROR;
				GCC_WARN_UNDECLARED_SELECTOR = YES;
				GCC_WARN_UNINITIALIZED_AUTOS = YES_AGGRESSIVE;
				GCC_WARN_UNUSED_FUNCTION = YES;
				GCC_WARN_UNUSED_VARIABLE = YES;
				IPHONEOS_DEPLOYMENT_TARGET = 9.2;
				MTL_ENABLE_DEBUG_INFO = NO;
				SDKROOT = iphoneos;
				TARGETED_DEVICE_FAMILY = "1,2";
				VALIDATE_PRODUCT = YES;
			};
			name = Release;
		};
		7F7239C61C2C0F8F00181F8B /* Debug */ = {
			isa = XCBuildConfiguration;
			buildSettings = {
				ASSETCATALOG_COMPILER_APPICON_NAME = AppIcon;
				INFOPLIST_FILE = Recipez/Info.plist;
				LD_RUNPATH_SEARCH_PATHS = "$(inherited) @executable_path/Frameworks";
				PRODUCT_BUNDLE_IDENTIFIER = com.misfitrebels.Recipez;
				PRODUCT_NAME = "$(TARGET_NAME)";
			};
			name = Debug;
		};
		7F7239C71C2C0F8F00181F8B /* Release */ = {
			isa = XCBuildConfiguration;
			buildSettings = {
				ASSETCATALOG_COMPILER_APPICON_NAME = AppIcon;
				INFOPLIST_FILE = Recipez/Info.plist;
				LD_RUNPATH_SEARCH_PATHS = "$(inherited) @executable_path/Frameworks";
				PRODUCT_BUNDLE_IDENTIFIER = com.misfitrebels.Recipez;
				PRODUCT_NAME = "$(TARGET_NAME)";
			};
			name = Release;
		};
/* End XCBuildConfiguration section */

/* Begin XCConfigurationList section */
		7F7239AB1C2C0F8E00181F8B /* Build configuration list for PBXProject "Recipez" */ = {
			isa = XCConfigurationList;
			buildConfigurations = (
				7F7239C31C2C0F8F00181F8B /* Debug */,
				7F7239C41C2C0F8F00181F8B /* Release */,
			);
			defaultConfigurationIsVisible = 0;
			defaultConfigurationName = Release;
		};
		7F7239C51C2C0F8F00181F8B /* Build configuration list for PBXNativeTarget "Recipez" */ = {
			isa = XCConfigurationList;
			buildConfigurations = (
				7F7239C61C2C0F8F00181F8B /* Debug */,
				7F7239C71C2C0F8F00181F8B /* Release */,
			);
			defaultConfigurationIsVisible = 0;
		};
/* End XCConfigurationList section */

/* Begin XCVersionGroup section */
		7F7239BA1C2C0F8F00181F8B /* Recipez.xcdatamodeld */ = {
			isa = XCVersionGroup;
			children = (
				7F7239BB1C2C0F8F00181F8B /* Recipez.xcdatamodel */,
			);
			currentVersion = 7F7239BB1C2C0F8F00181F8B /* Recipez.xcdatamodel */;
			path = Recipez.xcdatamodeld;
			sourceTree = "<group>";
			versionGroupType = wrapper.xcdatamodel;
		};
/* End XCVersionGroup section */
	};
	rootObject = 7F7239A81C2C0F8E00181F8B /* Project object */;
}
